
Microsoft Visual Studio Solution File, Format Version 12.00
# Visual Studio Version 17
VisualStudioVersion = 17.0.31903.59
MinimumVisualStudioVersion = 10.0.40219.1
Project("{2150E333-8FDC-42A3-9474-1A3956D46DE8}") = "src", "src", "{827E0CD3-B72D-47B6-A68D-7590B98EB39B}"
EndProject
Project("{FAE04EC0-301F-11D3-BF4B-00C04F79EFBC}") = "Perf.Core", "src\Perf.Core\Perf.Core.csproj", "{C3AF6C01-37C9-482C-BBFA-51D486CE97D4}"
EndProject
Project("{2150E333-8FDC-42A3-9474-1A3956D46DE8}") = "tests", "tests", "{0AB3BF05-4346-4AA6-1389-037BE0695223}"
EndProject
Project("{FAE04EC0-301F-11D3-BF4B-00C04F79EFBC}") = "Perf.Core.Tests", "tests\Perf.Core.Tests\Perf.Core.Tests.csproj", "{DC758D27-3B68-48F9-BA72-AC1DC7C06DCE}"
EndProject
Project("{FAE04EC0-301F-11D3-BF4B-00C04F79EFBC}") = "Perf.SourceGenerator", "src\Perf.SourceGenerator\Perf.SourceGenerator.csproj", "{1F4C8FDC-541F-4A58-AB18-5F86525A5F4B}"
EndProject
Project("{FAE04EC0-301F-11D3-BF4B-00C04F79EFBC}") = "Perf.SourceGenerator.Tests", "tests\Perf.SourceGenerator.Tests\Perf.SourceGenerator.Tests.csproj", "{0110E04F-5DA2-4EAD-876A-2B57FF6F8CAB}"
EndProject
Project("{FAE04EC0-301F-11D3-BF4B-00C04F79EFBC}") = "Perf.Sql", "src\Perf.Sql\Perf.Sql.csproj", "{6849624C-C499-459D-8013-DDB30DDEBC5A}"
EndProject
Project("{FAE04EC0-301F-11D3-BF4B-00C04F79EFBC}") = "Perf.Net", "src\Perf.Net\Perf.Net.csproj", "{AB664502-96C8-4499-AE25-785870779664}"
EndProject
Project("{FAE04EC0-301F-11D3-BF4B-00C04F79EFBC}") = "Perf.IntegrationTests", "tests\Perf.IntegrationTests\Perf.IntegrationTests.csproj", "{4F75AC5A-49D3-4136-944F-80D57E6A33A6}"
EndProject
Project("{FAE04EC0-301F-11D3-BF4B-00C04F79EFBC}") = "Perf.Unity", "src\Perf.Unity\Perf.Unity.csproj", "{F47DFF08-A82C-4966-A3BF-70564F397C7E}"
EndProject
Project("{FAE04EC0-301F-11D3-BF4B-00C04F79EFBC}") = "Perf.AspNetCore", "src\Perf.AspNetCore\Perf.AspNetCore.csproj", "{1DE0C49F-FD57-4120-8B67-E24E5E2367BC}"
EndProject
Global
	GlobalSection(SolutionConfigurationPlatforms) = preSolution
		Debug|Any CPU = Debug|Any CPU
		Debug|x64 = Debug|x64
		Debug|x86 = Debug|x86
		Release|Any CPU = Release|Any CPU
		Release|x64 = Release|x64
		Release|x86 = Release|x86
	EndGlobalSection
	GlobalSection(ProjectConfigurationPlatforms) = postSolution
		{C3AF6C01-37C9-482C-BBFA-51D486CE97D4}.Debug|Any CPU.ActiveCfg = Debug|Any CPU
		{C3AF6C01-37C9-482C-BBFA-51D486CE97D4}.Debug|Any CPU.Build.0 = Debug|Any CPU
		{C3AF6C01-37C9-482C-BBFA-51D486CE97D4}.Debug|x64.ActiveCfg = Debug|Any CPU
		{C3AF6C01-37C9-482C-BBFA-51D486CE97D4}.Debug|x64.Build.0 = Debug|Any CPU
		{C3AF6C01-37C9-482C-BBFA-51D486CE97D4}.Debug|x86.ActiveCfg = Debug|Any CPU
		{C3AF6C01-37C9-482C-BBFA-51D486CE97D4}.Debug|x86.Build.0 = Debug|Any CPU
		{C3AF6C01-37C9-482C-BBFA-51D486CE97D4}.Release|Any CPU.ActiveCfg = Release|Any CPU
		{C3AF6C01-37C9-482C-BBFA-51D486CE97D4}.Release|Any CPU.Build.0 = Release|Any CPU
		{C3AF6C01-37C9-482C-BBFA-51D486CE97D4}.Release|x64.ActiveCfg = Release|Any CPU
		{C3AF6C01-37C9-482C-BBFA-51D486CE97D4}.Release|x64.Build.0 = Release|Any CPU
		{C3AF6C01-37C9-482C-BBFA-51D486CE97D4}.Release|x86.ActiveCfg = Release|Any CPU
		{C3AF6C01-37C9-482C-BBFA-51D486CE97D4}.Release|x86.Build.0 = Release|Any CPU
		{DC758D27-3B68-48F9-BA72-AC1DC7C06DCE}.Debug|Any CPU.ActiveCfg = Debug|Any CPU
		{DC758D27-3B68-48F9-BA72-AC1DC7C06DCE}.Debug|Any CPU.Build.0 = Debug|Any CPU
		{DC758D27-3B68-48F9-BA72-AC1DC7C06DCE}.Debug|x64.ActiveCfg = Debug|Any CPU
		{DC758D27-3B68-48F9-BA72-AC1DC7C06DCE}.Debug|x64.Build.0 = Debug|Any CPU
		{DC758D27-3B68-48F9-BA72-AC1DC7C06DCE}.Debug|x86.ActiveCfg = Debug|Any CPU
		{DC758D27-3B68-48F9-BA72-AC1DC7C06DCE}.Debug|x86.Build.0 = Debug|Any CPU
		{DC758D27-3B68-48F9-BA72-AC1DC7C06DCE}.Release|Any CPU.ActiveCfg = Release|Any CPU
		{DC758D27-3B68-48F9-BA72-AC1DC7C06DCE}.Release|Any CPU.Build.0 = Release|Any CPU
		{DC758D27-3B68-48F9-BA72-AC1DC7C06DCE}.Release|x64.ActiveCfg = Release|Any CPU
		{DC758D27-3B68-48F9-BA72-AC1DC7C06DCE}.Release|x64.Build.0 = Release|Any CPU
		{DC758D27-3B68-48F9-BA72-AC1DC7C06DCE}.Release|x86.ActiveCfg = Release|Any CPU
		{DC758D27-3B68-48F9-BA72-AC1DC7C06DCE}.Release|x86.Build.0 = Release|Any CPU
		{1F4C8FDC-541F-4A58-AB18-5F86525A5F4B}.Debug|Any CPU.ActiveCfg = Debug|Any CPU
		{1F4C8FDC-541F-4A58-AB18-5F86525A5F4B}.Debug|Any CPU.Build.0 = Debug|Any CPU
		{1F4C8FDC-541F-4A58-AB18-5F86525A5F4B}.Debug|x64.ActiveCfg = Debug|Any CPU
		{1F4C8FDC-541F-4A58-AB18-5F86525A5F4B}.Debug|x64.Build.0 = Debug|Any CPU
		{1F4C8FDC-541F-4A58-AB18-5F86525A5F4B}.Debug|x86.ActiveCfg = Debug|Any CPU
		{1F4C8FDC-541F-4A58-AB18-5F86525A5F4B}.Debug|x86.Build.0 = Debug|Any CPU
		{1F4C8FDC-541F-4A58-AB18-5F86525A5F4B}.Release|Any CPU.ActiveCfg = Release|Any CPU
		{1F4C8FDC-541F-4A58-AB18-5F86525A5F4B}.Release|Any CPU.Build.0 = Release|Any CPU
		{1F4C8FDC-541F-4A58-AB18-5F86525A5F4B}.Release|x64.ActiveCfg = Release|Any CPU
		{1F4C8FDC-541F-4A58-AB18-5F86525A5F4B}.Release|x64.Build.0 = Release|Any CPU
		{1F4C8FDC-541F-4A58-AB18-5F86525A5F4B}.Release|x86.ActiveCfg = Release|Any CPU
		{1F4C8FDC-541F-4A58-AB18-5F86525A5F4B}.Release|x86.Build.0 = Release|Any CPU
		{0110E04F-5DA2-4EAD-876A-2B57FF6F8CAB}.Debug|Any CPU.ActiveCfg = Debug|Any CPU
		{0110E04F-5DA2-4EAD-876A-2B57FF6F8CAB}.Debug|Any CPU.Build.0 = Debug|Any CPU
		{0110E04F-5DA2-4EAD-876A-2B57FF6F8CAB}.Debug|x64.ActiveCfg = Debug|Any CPU
		{0110E04F-5DA2-4EAD-876A-2B57FF6F8CAB}.Debug|x64.Build.0 = Debug|Any CPU
		{0110E04F-5DA2-4EAD-876A-2B57FF6F8CAB}.Debug|x86.ActiveCfg = Debug|Any CPU
		{0110E04F-5DA2-4EAD-876A-2B57FF6F8CAB}.Debug|x86.Build.0 = Debug|Any CPU
		{0110E04F-5DA2-4EAD-876A-2B57FF6F8CAB}.Release|Any CPU.ActiveCfg = Release|Any CPU
		{0110E04F-5DA2-4EAD-876A-2B57FF6F8CAB}.Release|Any CPU.Build.0 = Release|Any CPU
		{0110E04F-5DA2-4EAD-876A-2B57FF6F8CAB}.Release|x64.ActiveCfg = Release|Any CPU
		{0110E04F-5DA2-4EAD-876A-2B57FF6F8CAB}.Release|x64.Build.0 = Release|Any CPU
		{0110E04F-5DA2-4EAD-876A-2B57FF6F8CAB}.Release|x86.ActiveCfg = Release|Any CPU
		{0110E04F-5DA2-4EAD-876A-2B57FF6F8CAB}.Release|x86.Build.0 = Release|Any CPU
		{6849624C-C499-459D-8013-DDB30DDEBC5A}.Debug|Any CPU.ActiveCfg = Debug|Any CPU
		{6849624C-C499-459D-8013-DDB30DDEBC5A}.Debug|Any CPU.Build.0 = Debug|Any CPU
		{6849624C-C499-459D-8013-DDB30DDEBC5A}.Debug|x64.ActiveCfg = Debug|Any CPU
		{6849624C-C499-459D-8013-DDB30DDEBC5A}.Debug|x64.Build.0 = Debug|Any CPU
		{6849624C-C499-459D-8013-DDB30DDEBC5A}.Debug|x86.ActiveCfg = Debug|Any CPU
		{6849624C-C499-459D-8013-DDB30DDEBC5A}.Debug|x86.Build.0 = Debug|Any CPU
		{6849624C-C499-459D-8013-DDB30DDEBC5A}.Release|Any CPU.ActiveCfg = Release|Any CPU
		{6849624C-C499-459D-8013-DDB30DDEBC5A}.Release|Any CPU.Build.0 = Release|Any CPU
		{6849624C-C499-459D-8013-DDB30DDEBC5A}.Release|x64.ActiveCfg = Release|Any CPU
		{6849624C-C499-459D-8013-DDB30DDEBC5A}.Release|x64.Build.0 = Release|Any CPU
		{6849624C-C499-459D-8013-DDB30DDEBC5A}.Release|x86.ActiveCfg = Release|Any CPU
		{6849624C-C499-459D-8013-DDB30DDEBC5A}.Release|x86.Build.0 = Release|Any CPU
		{AB664502-96C8-4499-AE25-785870779664}.Debug|Any CPU.ActiveCfg = Debug|Any CPU
		{AB664502-96C8-4499-AE25-785870779664}.Debug|Any CPU.Build.0 = Debug|Any CPU
		{AB664502-96C8-4499-AE25-785870779664}.Debug|x64.ActiveCfg = Debug|Any CPU
		{AB664502-96C8-4499-AE25-785870779664}.Debug|x64.Build.0 = Debug|Any CPU
		{AB664502-96C8-4499-AE25-785870779664}.Debug|x86.ActiveCfg = Debug|Any CPU
		{AB664502-96C8-4499-AE25-785870779664}.Debug|x86.Build.0 = Debug|Any CPU
		{AB664502-96C8-4499-AE25-785870779664}.Release|Any CPU.ActiveCfg = Release|Any CPU
		{AB664502-96C8-4499-AE25-785870779664}.Release|Any CPU.Build.0 = Release|Any CPU
		{AB664502-96C8-4499-AE25-785870779664}.Release|x64.ActiveCfg = Release|Any CPU
		{AB664502-96C8-4499-AE25-785870779664}.Release|x64.Build.0 = Release|Any CPU
		{AB664502-96C8-4499-AE25-785870779664}.Release|x86.ActiveCfg = Release|Any CPU
		{AB664502-96C8-4499-AE25-785870779664}.Release|x86.Build.0 = Release|Any CPU
		{4F75AC5A-49D3-4136-944F-80D57E6A33A6}.Debug|Any CPU.ActiveCfg = Debug|Any CPU
		{4F75AC5A-49D3-4136-944F-80D57E6A33A6}.Debug|Any CPU.Build.0 = Debug|Any CPU
		{4F75AC5A-49D3-4136-944F-80D57E6A33A6}.Debug|x64.ActiveCfg = Debug|Any CPU
		{4F75AC5A-49D3-4136-944F-80D57E6A33A6}.Debug|x64.Build.0 = Debug|Any CPU
		{4F75AC5A-49D3-4136-944F-80D57E6A33A6}.Debug|x86.ActiveCfg = Debug|Any CPU
		{4F75AC5A-49D3-4136-944F-80D57E6A33A6}.Debug|x86.Build.0 = Debug|Any CPU
		{4F75AC5A-49D3-4136-944F-80D57E6A33A6}.Release|Any CPU.ActiveCfg = Release|Any CPU
		{4F75AC5A-49D3-4136-944F-80D57E6A33A6}.Release|Any CPU.Build.0 = Release|Any CPU
		{4F75AC5A-49D3-4136-944F-80D57E6A33A6}.Release|x64.ActiveCfg = Release|Any CPU
		{4F75AC5A-49D3-4136-944F-80D57E6A33A6}.Release|x64.Build.0 = Release|Any CPU
		{4F75AC5A-49D3-4136-944F-80D57E6A33A6}.Release|x86.ActiveCfg = Release|Any CPU
		{4F75AC5A-49D3-4136-944F-80D57E6A33A6}.Release|x86.Build.0 = Release|Any CPU
		{F47DFF08-A82C-4966-A3BF-70564F397C7E}.Debug|Any CPU.ActiveCfg = Debug|Any CPU
		{F47DFF08-A82C-4966-A3BF-70564F397C7E}.Debug|Any CPU.Build.0 = Debug|Any CPU
		{F47DFF08-A82C-4966-A3BF-70564F397C7E}.Debug|x64.ActiveCfg = Debug|Any CPU
		{F47DFF08-A82C-4966-A3BF-70564F397C7E}.Debug|x64.Build.0 = Debug|Any CPU
		{F47DFF08-A82C-4966-A3BF-70564F397C7E}.Debug|x86.ActiveCfg = Debug|Any CPU
		{F47DFF08-A82C-4966-A3BF-70564F397C7E}.Debug|x86.Build.0 = Debug|Any CPU
		{F47DFF08-A82C-4966-A3BF-70564F397C7E}.Release|Any CPU.ActiveCfg = Release|Any CPU
		{F47DFF08-A82C-4966-A3BF-70564F397C7E}.Release|Any CPU.Build.0 = Release|Any CPU
		{F47DFF08-A82C-4966-A3BF-70564F397C7E}.Release|x64.ActiveCfg = Release|Any CPU
		{F47DFF08-A82C-4966-A3BF-70564F397C7E}.Release|x64.Build.0 = Release|Any CPU
		{F47DFF08-A82C-4966-A3BF-70564F397C7E}.Release|x86.ActiveCfg = Release|Any CPU
		{F47DFF08-A82C-4966-A3BF-70564F397C7E}.Release|x86.Build.0 = Release|Any CPU
		{1DE0C49F-FD57-4120-8B67-E24E5E2367BC}.Debug|Any CPU.ActiveCfg = Debug|Any CPU
		{1DE0C49F-FD57-4120-8B67-E24E5E2367BC}.Debug|Any CPU.Build.0 = Debug|Any CPU
		{1DE0C49F-FD57-4120-8B67-E24E5E2367BC}.Debug|x64.ActiveCfg = Debug|Any CPU
		{1DE0C49F-FD57-4120-8B67-E24E5E2367BC}.Debug|x64.Build.0 = Debug|Any CPU
		{1DE0C49F-FD57-4120-8B67-E24E5E2367BC}.Debug|x86.ActiveCfg = Debug|Any CPU
		{1DE0C49F-FD57-4120-8B67-E24E5E2367BC}.Debug|x86.Build.0 = Debug|Any CPU
		{1DE0C49F-FD57-4120-8B67-E24E5E2367BC}.Release|Any CPU.ActiveCfg = Release|Any CPU
		{1DE0C49F-FD57-4120-8B67-E24E5E2367BC}.Release|Any CPU.Build.0 = Release|Any CPU
		{1DE0C49F-FD57-4120-8B67-E24E5E2367BC}.Release|x64.ActiveCfg = Release|Any CPU
		{1DE0C49F-FD57-4120-8B67-E24E5E2367BC}.Release|x64.Build.0 = Release|Any CPU
		{1DE0C49F-FD57-4120-8B67-E24E5E2367BC}.Release|x86.ActiveCfg = Release|Any CPU
		{1DE0C49F-FD57-4120-8B67-E24E5E2367BC}.Release|x86.Build.0 = Release|Any CPU
	EndGlobalSection
	GlobalSection(SolutionProperties) = preSolution
		HideSolutionNode = FALSE
	EndGlobalSection
	GlobalSection(NestedProjects) = preSolution
		{C3AF6C01-37C9-482C-BBFA-51D486CE97D4} = {827E0CD3-B72D-47B6-A68D-7590B98EB39B}
		{DC758D27-3B68-48F9-BA72-AC1DC7C06DCE} = {0AB3BF05-4346-4AA6-1389-037BE0695223}
		{1F4C8FDC-541F-4A58-AB18-5F86525A5F4B} = {827E0CD3-B72D-47B6-A68D-7590B98EB39B}
		{0110E04F-5DA2-4EAD-876A-2B57FF6F8CAB} = {0AB3BF05-4346-4AA6-1389-037BE0695223}
		{6849624C-C499-459D-8013-DDB30DDEBC5A} = {827E0CD3-B72D-47B6-A68D-7590B98EB39B}
		{AB664502-96C8-4499-AE25-785870779664} = {827E0CD3-B72D-47B6-A68D-7590B98EB39B}
		{4F75AC5A-49D3-4136-944F-80D57E6A33A6} = {0AB3BF05-4346-4AA6-1389-037BE0695223}
		{F47DFF08-A82C-4966-A3BF-70564F397C7E} = {827E0CD3-B72D-47B6-A68D-7590B98EB39B}
		{1DE0C49F-FD57-4120-8B67-E24E5E2367BC} = {827E0CD3-B72D-47B6-A68D-7590B98EB39B}
	EndGlobalSection
EndGlobal
